
Microsoft Visual Studio Solution File, Format Version 12.00
# Visual Studio 15
VisualStudioVersion = 15.0.27130.2036
MinimumVisualStudioVersion = 10.0.40219.1
Project("{FAE04EC0-301F-11D3-BF4B-00C04F79EFBC}") = "DecisionTree.Implementation", "DecisionTreeImplementation\DecisionTree.Implementation.csproj", "{C6DE94AC-7011-4692-95FC-723BFB43C9ED}"
EndProject
Global
	GlobalSection(SolutionConfigurationPlatforms) = preSolution
		Debug|Any CPU = Debug|Any CPU
		Release|Any CPU = Release|Any CPU
	EndGlobalSection
	GlobalSection(ProjectConfigurationPlatforms) = postSolution
		{C6DE94AC-7011-4692-95FC-723BFB43C9ED}.Debug|Any CPU.ActiveCfg = Debug|Any CPU
		{C6DE94AC-7011-4692-95FC-723BFB43C9ED}.Debug|Any CPU.Build.0 = Debug|Any CPU
		{C6DE94AC-7011-4692-95FC-723BFB43C9ED}.Release|Any CPU.ActiveCfg = Release|Any CPU
		{C6DE94AC-7011-4692-95FC-723BFB43C9ED}.Release|Any CPU.Build.0 = Release|Any CPU
	EndGlobalSection
	GlobalSection(SolutionProperties) = preSolution
		HideSolutionNode = FALSE
	EndGlobalSection
	GlobalSection(ExtensibilityGlobals) = postSolution
		SolutionGuid = {B75A4741-669B-46A3-8DD6-F1D9EE4DB661}
	EndGlobalSection
EndGlobal
